{
  "version": 4,
  "terraform_version": "1.5.7",
  "serial": 13,
  "lineage": "ab67a430-2f07-eaac-1c97-72e993c4ce68",
  "outputs": {},
  "resources": [
    {
      "module": "module.argocd_dev",
      "mode": "data",
      "type": "aws_eks_cluster",
      "name": "this",
      "provider": "provider[\"registry.terraform.io/hashicorp/aws\"]",
      "instances": [
        {
          "schema_version": 0,
          "attributes": {
            "arn": "arn:aws:eks:us-east-1:885980570410:cluster/k8s-cluster-test10",
            "certificate_authority": [
              {
                "data": "LS0tLS1CRUdJTiBDRVJUSUZJQ0FURS0tLS0tCk1JSURCVENDQWUyZ0F3SUJBZ0lJZDc0aXNmVmZldjR3RFFZSktvWklodmNOQVFFTEJRQXdGVEVUTUJFR0ExVUUKQXhNS2EzVmlaWEp1WlhSbGN6QWVGdzB5TXpFd01qZ3hOREF3TkRKYUZ3MHpNekV3TWpVeE5EQTFOREphTUJVeApFekFSQmdOVkJBTVRDbXQxWW1WeWJtVjBaWE13Z2dFaU1BMEdDU3FHU0liM0RRRUJBUVVBQTRJQkR3QXdnZ0VLCkFvSUJBUUNzanFPQVE2ejkvaUt4Ymp4cmlzZnllelUwcUtwWEEvbXM4VWErV04yUlpCekpDeGJ5Nk9qeUp3b0gKZXN0Zk1FZTJ2eFlmSlp3aCtFc3RDNnNxSUg1amRCZUw2cGoraVA2czFqZVdNU3ZCSWJETUdBcjZrZy8rUnJQeQpvSkkybmRPR1krcDRpZlpSOFArZ0IzNnZmc2RiNEtCYWNHN1dJeml4bjYzbjB5bWZ0UWlhcnZxVHE2bDgySkVKClFFdy9IVnZYdWdSOWJPZWp5Y0VzVmw3UmlyUmZaeFZJVWJSTnhuY3VJMVJuZ3lGSHQ4cVRZYmdZRkQ4SWRiNEgKeXlpM2oyWmdyRkN5MW53SlQ2VHRFOG9HTHJXYnJCeStoZ0hSeUFrMmhWYmdpaUZmcmN5KzNKSzJFMVYvUlNwYQpZT29BQVdtNEVIMjhEWXBIT05iTkF5L2xtaUVIQWdNQkFBR2pXVEJYTUE0R0ExVWREd0VCL3dRRUF3SUNwREFQCkJnTlZIUk1CQWY4RUJUQURBUUgvTUIwR0ExVWREZ1FXQkJTRWRTN21weG5wVjhPeWlCTlMwWTZ5NGszb0JEQVYKQmdOVkhSRUVEakFNZ2dwcmRXSmxjbTVsZEdWek1BMEdDU3FHU0liM0RRRUJDd1VBQTRJQkFRQlROcCtVSlB1dQpuV2xSaVJ6VG5jYWxjdkF3M1BhRFJRZVJVR2p6eDZTYVNobnlaczF5V0tCQmRhT2RPb1NZSG5MK2hUcy9kRjJOCjZwajBraU1VUGhkRjVvK3ZjWU1SQURvMjF0N1NDRERTMEh5SDZjY1UvVWFCUktpU2RsYVVUd3l2SjVwNmNKY2IKOElEZmgzMHFhWE1sTFZGdmZVQWtWYklnV2t6UHdzeDRYMEJJSGptMDQwQ3hDa3BzOGxocllvQlh0MnpTVnFadApoWExudDN4L2lQWWNXWEJuRmVKcjF3RW1UaldjRmZOMlVDTHZUOUN3eE0za05wbmg1SFlwallxQVlIYWFvcm1DCkY3MEt0OW9iMTRFNlVIQk9zeHVONTBJVjJQNEFZTWY0eXhZYjZYKytUWHIwNFludm1wUndwcjFIa1pHTzBFUmEKODEvaHIzQ0g0RFpRCi0tLS0tRU5EIENFUlRJRklDQVRFLS0tLS0K"
              }
            ],
            "cluster_id": null,
            "created_at": "2023-10-28 14:00:31.792 +0000 UTC",
            "enabled_cluster_log_types": [],
            "endpoint": "https://EF60E2A38C52EECC6D044266AC40E972.gr7.us-east-1.eks.amazonaws.com",
            "id": "k8s-cluster-test10",
            "identity": [
              {
                "oidc": [
                  {
                    "issuer": "https://oidc.eks.us-east-1.amazonaws.com/id/EF60E2A38C52EECC6D044266AC40E972"
                  }
                ]
              }
            ],
            "kubernetes_network_config": [
              {
                "ip_family": "ipv4",
                "service_ipv4_cidr": "172.20.0.0/16",
                "service_ipv6_cidr": ""
              }
            ],
            "name": "k8s-cluster-test10",
            "outpost_config": [],
            "platform_version": "eks.6",
            "role_arn": "arn:aws:iam::885980570410:role/eksctl-k8s-cluster-test10-cluster-ServiceRole-7N1ms6to21vw",
            "status": "ACTIVE",
            "tags": {
              "Name": "eksctl-k8s-cluster-test10-cluster/ControlPlane",
              "alpha.eksctl.io/cluster-name": "k8s-cluster-test10",
              "alpha.eksctl.io/cluster-oidc-enabled": "false",
              "alpha.eksctl.io/eksctl-version": "0.158.0",
              "eksctl.cluster.k8s.io/v1alpha1/cluster-name": "k8s-cluster-test10"
            },
            "version": "1.27",
            "vpc_config": [
              {
                "cluster_security_group_id": "sg-0aa8b935811011cc8",
                "endpoint_private_access": false,
                "endpoint_public_access": true,
                "public_access_cidrs": [
                  "0.0.0.0/0"
                ],
                "security_group_ids": [
                  "sg-0f7492838f7d4b08f"
                ],
                "subnet_ids": [
                  "subnet-041242ac52f89eadb",
                  "subnet-041edd861336eb9ee",
                  "subnet-04561b436df234a2c",
                  "subnet-0c5b68e117f72d47c"
                ],
                "vpc_id": "vpc-0cb69276b6759b9c9"
              }
            ]
          },
          "sensitive_attributes": []
        }
      ]
    },
    {
      "module": "module.argocd_dev",
      "mode": "data",
      "type": "aws_eks_cluster_auth",
      "name": "this",
      "provider": "provider[\"registry.terraform.io/hashicorp/aws\"]",
      "instances": [
        {
          "schema_version": 0,
          "attributes": {
            "id": "k8s-cluster-test10",
            "name": "k8s-cluster-test10",
            "token": "k8s-aws-v1.aHR0cHM6Ly9zdHMuYW1hem9uYXdzLmNvbS8_QWN0aW9uPUdldENhbGxlcklkZW50aXR5JlZlcnNpb249MjAxMS0wNi0xNSZYLUFtei1BbGdvcml0aG09QVdTNC1ITUFDLVNIQTI1NiZYLUFtei1DcmVkZW50aWFsPUFLSUE0NFNFT1VNVkk3UUNaUVZIJTJGMjAyMzEwMjglMkZ1cy1lYXN0LTElMkZzdHMlMkZhd3M0X3JlcXVlc3QmWC1BbXotRGF0ZT0yMDIzMTAyOFQxNDQ3MDFaJlgtQW16LUV4cGlyZXM9MCZYLUFtei1TaWduZWRIZWFkZXJzPWhvc3QlM0J4LWs4cy1hd3MtaWQmWC1BbXotU2lnbmF0dXJlPWExNmJlODU5MDE4YjhlNDkxOGYxODUyZTA0NmJhN2JmYmViMjk5MWFhZDQ0YzFiYTcyMDcwMDU3Yzk0MjM1NDY"
          },
          "sensitive_attributes": []
        }
      ]
    },
    {
      "module": "module.argocd_dev",
      "mode": "managed",
      "type": "helm_release",
      "name": "argocd",
      "provider": "module.argocd_dev.provider[\"registry.terraform.io/hashicorp/helm\"]",
      "instances": [
        {
          "schema_version": 1,
          "attributes": {
            "atomic": false,
            "chart": "argo-cd",
            "cleanup_on_fail": false,
            "create_namespace": true,
            "dependency_update": false,
            "description": null,
            "devel": null,
            "disable_crd_hooks": false,
            "disable_openapi_validation": false,
            "disable_webhooks": false,
            "force_update": false,
            "id": "argocd",
            "keyring": null,
            "lint": false,
            "manifest": null,
            "max_history": 0,
            "metadata": [
              {
                "app_version": "v2.8.3",
                "chart": "argo-cd",
                "name": "argocd",
                "namespace": "argocd",
                "revision": 1,
                "values": "{\"applicationSet\":{\"replicas\":2},\"controller\":{\"replicas\":1},\"redis-ha\":{\"enabled\":true},\"repoServer\":{\"autoscaling\":{\"enabled\":true,\"minReplicas\":2}},\"server\":{\"config\":{\"resource.customizations\":\"networking.k8s.io/Ingress:\\n  health.lua: |\\n    hs = {}\\n    hs.status = \\\"Healthy\\\"\\n    return hs \\n\"}}}",
                "version": "5.46.2"
              }
            ],
            "name": "argocd",
            "namespace": "argocd",
            "pass_credentials": false,
            "postrender": [],
            "recreate_pods": false,
            "render_subchart_notes": true,
            "replace": false,
            "repository": "https://argoproj.github.io/argo-helm",
            "repository_ca_file": null,
            "repository_cert_file": null,
            "repository_key_file": null,
            "repository_password": null,
            "repository_username": null,
            "reset_values": false,
            "reuse_values": false,
            "set": [],
            "set_list": [],
            "set_sensitive": [],
            "skip_crds": false,
            "status": "deployed",
            "timeout": 300,
            "values": [
              "#----------------------------------------------------------------\n# Highly Available mode with autoscaling require minimum 3 nodes!\nredis-ha:\n  enabled: true\n\ncontroller:\n  replicas: 1\n\nserver:\n  autoscaling:\n    enabled: true\n    minReplicas: 2\n\nrepoServer:\n  autoscaling:\n    enabled: true\n    minReplicas: 2\n\napplicationSet:\n  replicas: 2\n#----------------------------------------------------------------\n# Fixing issue with Stuck Processing for Ingress resource\nserver:\n  config:\n#    ingress:\n#      class: nginx\n#      hosts:\n#        - localhost\n#        - 107.21.195.116  # Додайте вашу IP-адресу тут\n\n    resource.customizations: |\n      networking.k8s.io/Ingress:\n        health.lua: |\n          hs = {}\n          hs.status = \"Healthy\"\n          return hs \n\n"
            ],
            "verify": false,
            "version": "5.46.2",
            "wait": true,
            "wait_for_jobs": false
          },
          "sensitive_attributes": [],
          "private": "eyJzY2hlbWFfdmVyc2lvbiI6IjEifQ==",
          "dependencies": [
            "module.argocd_dev.data.aws_eks_cluster.this",
            "module.argocd_dev.data.aws_eks_cluster_auth.this"
          ]
        }
      ]
    }
  ],
  "check_results": null
}
